{
  "name": "@jeswr/agentic-solid-conformance-tools",
  "version": "0.0.0",
  "lockfileVersion": 3,
  "requires": true,
  "packages": {
    "": {
      "name": "@jeswr/agentic-solid-conformance-tools",
      "version": "0.0.0",
      "dependencies": {
        "@jeswr/accountable-agent-runtime": "git+https://github.com/jeswr/accountable-agent-runtime.git#ca29a389581e235f766b2e6e288efac77a1f1d0b",
        "@jeswr/fetch-rdf": "^0.1.0",
        "@jeswr/solid-a2a": "git+https://github.com/jeswr/solid-a2a.git#e5ff315c2c4c44eb1d83679c22da95696f3ba8b7",
        "@jeswr/solid-odrl": "git+https://github.com/jeswr/solid-odrl.git#05849c6e248e1174b30a6222924d63929789c05a",
        "@jeswr/solid-vc": "git+https://github.com/jeswr/solid-vc.git#d6b4e3402041089f11b55c1b5ce42fc1c2f47c8a"
      }
    },
    "node_modules/@bergos/jsonparse": {
      "version": "1.4.2",
      "resolved": "https://registry.npmjs.org/@bergos/jsonparse/-/jsonparse-1.4.2.tgz",
      "integrity": "sha512-qUt0QNJjvg4s1zk+AuLM6s/zcsQ8MvGn7+1f0vPuxvpCYa08YtTryuDInngbEyW5fNGGYe2znKt61RMGd5HnXg==",
      "engines": [
        "node >= 0.2.0"
      ],
      "license": "MIT",
      "dependencies": {
        "buffer": "^6.0.3"
      }
    },
    "node_modules/@jeswr/accountable-agent-runtime": {
      "version": "0.1.0",
      "resolved": "git+https://github.com/jeswr/accountable-agent-runtime.git#ca29a389581e235f766b2e6e288efac77a1f1d0b",
      "integrity": "sha512-MDVeTit+Cjlzwu6HtjGIieqwCKUJl5pjeuJemG5gdEZdWlPl6w/AzYsfvvVTlnYx+eEYLmKw+AD1p243tEIRJQ==",
      "license": "MIT",
      "dependencies": {
        "@jeswr/fetch-rdf": "^0.1.0",
        "@jeswr/solid-a2a": "git+https://github.com/jeswr/solid-a2a.git#e5ff315c2c4c44eb1d83679c22da95696f3ba8b7",
        "@jeswr/solid-agent-card": "git+https://github.com/jeswr/solid-agent-card.git#c94b78e85a606fc96f5e2bea6a2204699dc23e96",
        "@jeswr/solid-odrl": "git+https://github.com/jeswr/solid-odrl.git#05849c6e248e1174b30a6222924d63929789c05a",
        "@jeswr/solid-vc": "git+https://github.com/jeswr/solid-vc.git#5a1def486aad484bf192f9764379cb89c61c1d31",
        "@rdfjs/wrapper": "^0.34.0",
        "n3": "^2.0.3"
      }
    },
    "node_modules/@jeswr/accountable-agent-runtime/node_modules/@jeswr/solid-vc": {
      "version": "0.1.0",
      "resolved": "git+https://github.com/jeswr/solid-vc.git#5a1def486aad484bf192f9764379cb89c61c1d31",
      "integrity": "sha512-fiHCDZk9ZY5xwPWYa8hgr5vvIoja1LKrK6/ZUiECSERygx09zq6t8owpuOewddA24FIGfO0xfHz1CmflhovrjA==",
      "license": "MIT",
      "dependencies": {
        "@rdfjs/wrapper": "^0.34.0",
        "@solid/object": "^0.6.0",
        "content-type": "^1.0.5",
        "jose": "^6.0.0",
        "jsonld-streaming-parser": "^5.0.0",
        "multiformats": "^14.0.0",
        "n3": "^2.0.3",
        "rdf-canonize": "^5.0.0"
      },
      "engines": {
        "node": ">=24"
      }
    },
    "node_modules/@jeswr/fetch-rdf": {
      "version": "0.1.0",
      "resolved": "https://registry.npmjs.org/@jeswr/fetch-rdf/-/fetch-rdf-0.1.0.tgz",
      "integrity": "sha512-bdugw+QynGEUTUYERuVDY0sMfEiCehx54ahvXVUY/KThq1r6w+uHH0kbhg8s36gvdW3xNDaqAbbnGbRDR9qgkw==",
      "license": "MIT",
      "dependencies": {
        "@rdfjs/dataset": "^2.0.2",
        "content-type": "^1.0.5",
        "jsonld-streaming-parser": "^5.0.0",
        "n3": "^2.0.3"
      },
      "engines": {
        "node": ">=20"
      }
    },
    "node_modules/@jeswr/rdf-serialize": {
      "version": "0.1.0",
      "resolved": "git+https://github.com/jeswr/rdf-serialize.git#eed2c11ceaf4de5e1f79132353744a5d1e3d6c48",
      "integrity": "sha512-saFbA4zC1tqh8rF1UTxaF17UOhtvF7q8b47nr/RdMSO9LLgi8nJXPYdkkW3/MPEEYI6oOBtTEQOBKHrCU9l9+A==",
      "license": "MIT",
      "dependencies": {
        "@rdfjs/types": "^2.0.1",
        "n3": "^2.0.3"
      },
      "engines": {
        "node": ">=24"
      }
    },
    "node_modules/@jeswr/solid-a2a": {
      "version": "0.2.0",
      "resolved": "git+https://github.com/jeswr/solid-a2a.git#e5ff315c2c4c44eb1d83679c22da95696f3ba8b7",
      "integrity": "sha512-ZGjB2rcxWU7adTGJwhMyNC2fcYFXqKlEb3TBrjnTMSjR6Jm5pdvDq3peCOjRJOA5lgSOuWmVqxrcPNjjboPBDw==",
      "license": "MIT",
      "dependencies": {
        "@rdfjs/wrapper": "^0.34.0",
        "@solid/object": "^0.6.0",
        "content-type": "^1.0.5",
        "jsonld-streaming-parser": "^5.0.0",
        "n3": "^2.0.3",
        "rdf-canonize": "5.0.0",
        "rdf-validate-shacl": "^0.6.5"
      },
      "engines": {
        "node": ">=24"
      }
    },
    "node_modules/@jeswr/solid-agent-card": {
      "version": "0.1.0",
      "resolved": "git+https://github.com/jeswr/solid-agent-card.git#c94b78e85a606fc96f5e2bea6a2204699dc23e96",
      "integrity": "sha512-Q08m/eMV3qyfDNfpWDmTWQO033+h1WFKZqKSciwVgZVngX+GvFjONqsCx4a71ZHIlY5AfsZFype5qxqq5nh99g==",
      "license": "MIT",
      "dependencies": {
        "@jeswr/rdf-serialize": "git+https://github.com/jeswr/rdf-serialize.git#eed2c11ceaf4de5e1f79132353744a5d1e3d6c48",
        "@rdfjs/wrapper": "^0.34.0",
        "content-type": "^1.0.5",
        "jsonld-streaming-parser": "^5.0.0",
        "n3": "^2.0.3"
      },
      "engines": {
        "node": ">=24"
      }
    },
    "node_modules/@jeswr/solid-odrl": {
      "version": "0.1.0",
      "resolved": "git+https://github.com/jeswr/solid-odrl.git#05849c6e248e1174b30a6222924d63929789c05a",
      "integrity": "sha512-qe93qBzoROB2coSvh72cf0k84l20m9pxokATR1qlOt+8nSJ2+rbEYgphZGPIrEPrvPX6bcjLwdein3llZ5C2BA==",
      "license": "MIT",
      "dependencies": {
        "@jeswr/rdf-serialize": "git+https://github.com/jeswr/rdf-serialize.git#ef3dd85636b868ea336a45f79c0446ade0982e7b",
        "@rdfjs/wrapper": "^0.34.0",
        "@solid/object": "^0.6.0",
        "content-type": "^1.0.5",
        "jsonld-streaming-parser": "^5.0.0",
        "n3": "^2.0.3"
      },
      "engines": {
        "node": ">=24"
      }
    },
    "node_modules/@jeswr/solid-odrl/node_modules/@jeswr/rdf-serialize": {
      "version": "0.1.0",
      "resolved": "git+https://github.com/jeswr/rdf-serialize.git#ef3dd85636b868ea336a45f79c0446ade0982e7b",
      "integrity": "sha512-NSoUUOnnUwbld2DvZ94BGIkM0/RMClltelWGcn4RPxibX3iLOeMG/5MfgRdZWzFRzbtQFlvaJBNX9wQwjdiW8Q==",
      "license": "MIT",
      "dependencies": {
        "@rdfjs/types": "^2.0.1",
        "n3": "^2.0.3"
      },
      "engines": {
        "node": ">=24"
      }
    },
    "node_modules/@jeswr/solid-vc": {
      "version": "0.1.0",
      "resolved": "git+https://github.com/jeswr/solid-vc.git#d6b4e3402041089f11b55c1b5ce42fc1c2f47c8a",
      "integrity": "sha512-++6tF3Svutujgx/YCRmpGYhoSFzFiTD55uXMIjauRCLC5J7lmDbvBJU3qegAKCJP1lSQds5RyAKSfm23pvoMvw==",
      "license": "MIT",
      "dependencies": {
        "@rdfjs/wrapper": "^0.34.0",
        "@solid/object": "^0.6.0",
        "content-type": "^1.0.5",
        "jose": "^6.0.0",
        "jsonld-streaming-parser": "^5.0.0",
        "multiformats": "^14.0.0",
        "n3": "^2.0.3",
        "rdf-canonize": "^5.0.0"
      },
      "engines": {
        "node": ">=24"
      }
    },
    "node_modules/@rdfjs/data-model": {
      "version": "2.1.2",
      "resolved": "https://registry.npmjs.org/@rdfjs/data-model/-/data-model-2.1.2.tgz",
      "integrity": "sha512-yoSVlyCltqbaCTse3uSdf5Vo3q4UskcTm+3klaUQTwOq7Z5aCZLtLPZatXTPzr+S0WEcjTZvD++A+r3QmgamsA==",
      "license": "MIT",
      "bin": {
        "rdfjs-data-model-test": "bin/test.js"
      }
    },
    "node_modules/@rdfjs/dataset": {
      "version": "2.0.2",
      "resolved": "https://registry.npmjs.org/@rdfjs/dataset/-/dataset-2.0.2.tgz",
      "integrity": "sha512-6YJx+5n5Uxzq9dd9I0GGcIo6eopZOPfcsAfxSGX5d+YBzDgVa1cbtEBFnaPyPKiQsOm4+Cr3nwypjpg02YKPlA==",
      "license": "MIT",
      "bin": {
        "rdfjs-dataset-test": "bin/test.js"
      }
    },
    "node_modules/@rdfjs/environment": {
      "version": "1.0.0",
      "resolved": "https://registry.npmjs.org/@rdfjs/environment/-/environment-1.0.0.tgz",
      "integrity": "sha512-+S5YjSvfoQR5r7YQCRCCVHvIEyrWia7FJv2gqM3s5EDfotoAQmFeBagApa9c/eQFi5EiNhmBECE5nB8LIxTaHg==",
      "license": "MIT"
    },
    "node_modules/@rdfjs/namespace": {
      "version": "2.0.1",
      "resolved": "https://registry.npmjs.org/@rdfjs/namespace/-/namespace-2.0.1.tgz",
      "integrity": "sha512-U85NWVGnL3gWvOZ4eXwUcv3/bom7PAcutSBQqmVWvOaslPy+kDzAJCH1WYBLpdQd4yMmJ+bpJcDl9rcHtXeixg==",
      "license": "MIT",
      "dependencies": {
        "@rdfjs/data-model": "^2.0.1"
      }
    },
    "node_modules/@rdfjs/term-map": {
      "version": "2.0.2",
      "resolved": "https://registry.npmjs.org/@rdfjs/term-map/-/term-map-2.0.2.tgz",
      "integrity": "sha512-EJ2FmmdEUsSR/tU1nrizRLWzH24YzhuvesrbUWxC3Fs0ilYNdtTbg0RaFJDUnJF3HkbNBQe8Zrt/uvU/hcKnHg==",
      "license": "MIT",
      "dependencies": {
        "@rdfjs/to-ntriples": "^3.0.1"
      }
    },
    "node_modules/@rdfjs/term-set": {
      "version": "2.0.3",
      "resolved": "https://registry.npmjs.org/@rdfjs/term-set/-/term-set-2.0.3.tgz",
      "integrity": "sha512-DyXrKWEx+mtAFUZVU7bc3Va6/KZ8PsIp0RVdyWT9jfDgI/HCvNisZaBtAcm+SYTC45o+7WLkbudkk1bfaKVB0A==",
      "license": "MIT",
      "dependencies": {
        "@rdfjs/to-ntriples": "^3.0.1"
      }
    },
    "node_modules/@rdfjs/to-ntriples": {
      "version": "3.0.1",
      "resolved": "https://registry.npmjs.org/@rdfjs/to-ntriples/-/to-ntriples-3.0.1.tgz",
      "integrity": "sha512-gjoPAvh4j7AbGMjcDn/8R4cW+d/FPtbfbMM0uQXkyfBFtNUW2iVgrqsgJ65roLc54Y9A2TTFaeeTGSvY9a0HCQ==",
      "license": "MIT"
    },
    "node_modules/@rdfjs/types": {
      "version": "2.0.1",
      "resolved": "https://registry.npmjs.org/@rdfjs/types/-/types-2.0.1.tgz",
      "integrity": "sha512-uyAzpugX7KekAXAHq26m3JlUIZJOC0uSBhpnefGV5i15bevDyyejoB7I+9MKeUrzXD8OOUI3+4FeV1wwQr5ihA==",
      "license": "MIT",
      "peer": true,
      "dependencies": {
        "@types/node": "*"
      }
    },
    "node_modules/@rdfjs/wrapper": {
      "version": "0.34.0",
      "resolved": "https://registry.npmjs.org/@rdfjs/wrapper/-/wrapper-0.34.0.tgz",
      "integrity": "sha512-psGw4IAH0E27P7Nlro0SzjqPJJ+aE3MkYKWfNbBk+vwT2Zt+gJJyuznuYg54peZs4rAF9FLoqCe4JdvQNDTzMw==",
      "license": "MIT",
      "engines": {
        "node": ">=24.0.0"
      }
    },
    "node_modules/@solid/object": {
      "version": "0.6.0",
      "resolved": "https://registry.npmjs.org/@solid/object/-/object-0.6.0.tgz",
      "integrity": "sha512-Ybme2HjbeWKZ6jOyYxacsFnAC6wPaifnSNO39bYW7PdbTEwgT56jG0Rp3TAWzXJvRjBzqMErUwvOMpqd8sVeOw==",
      "license": "MIT",
      "dependencies": {
        "@rdfjs/wrapper": "^0.34.0"
      },
      "engines": {
        "node": ">=24.0.0"
      }
    },
    "node_modules/@tpluscode/rdf-ns-builders": {
      "version": "5.0.0",
      "resolved": "https://registry.npmjs.org/@tpluscode/rdf-ns-builders/-/rdf-ns-builders-5.0.0.tgz",
      "integrity": "sha512-rtMFbArdief+s0z2A3TOb/gNe5O5xn9LDiEpilCf6lGYCUIfyqoOvZY80fS/eILwcF2Mj6cUQN1WBQ+1neJmaw==",
      "license": "MIT",
      "dependencies": {
        "@rdfjs/data-model": "^2.1.0",
        "@rdfjs/namespace": "^2.0.1",
        "@rdfjs/types": "^2",
        "@types/rdfjs__namespace": "^2.0.10",
        "@zazuko/prefixes": "^2.3.0"
      }
    },
    "node_modules/@types/http-link-header": {
      "version": "1.0.7",
      "resolved": "https://registry.npmjs.org/@types/http-link-header/-/http-link-header-1.0.7.tgz",
      "integrity": "sha512-snm5oLckop0K3cTDAiBnZDy6ncx9DJ3mCRDvs42C884MbVYPP74Tiq2hFsSDRTyjK6RyDYDIulPiW23ge+g5Lw==",
      "license": "MIT",
      "dependencies": {
        "@types/node": "*"
      }
    },
    "node_modules/@types/node": {
      "version": "26.1.0",
      "resolved": "https://registry.npmjs.org/@types/node/-/node-26.1.0.tgz",
      "integrity": "sha512-O0A1G3xPGy4w7AgQdAQYUlQ+BKk2Oovw8eRpofyp5KdBZULnbe+WqaOVNrm705SHphCiG4XHsACrSmPu1f+Kgw==",
      "license": "MIT",
      "dependencies": {
        "undici-types": "~8.3.0"
      }
    },
    "node_modules/@types/rdfjs__namespace": {
      "version": "2.0.10",
      "resolved": "https://registry.npmjs.org/@types/rdfjs__namespace/-/rdfjs__namespace-2.0.10.tgz",
      "integrity": "sha512-xoVzEIOxcpyteEmzaj94MSBbrBFs+vqv05joMhzLEiPRwsBBDnhkdBCaaDxR1Tf7wOW0kB2R1IYe4C3vEBFPgA==",
      "license": "MIT",
      "dependencies": {
        "@rdfjs/types": "*"
      }
    },
    "node_modules/@types/readable-stream": {
      "version": "4.0.24",
      "resolved": "https://registry.npmjs.org/@types/readable-stream/-/readable-stream-4.0.24.tgz",
      "integrity": "sha512-NRvUNC/JFGPJvqdAfEve8oginbM6V08u5NzLWpG8MwA2kTPOLnqk+wpwuPT+mp3aUsxyuT6m2gnrPuHYCruzEg==",
      "license": "MIT",
      "dependencies": {
        "@types/node": "*"
      }
    },
    "node_modules/@vocabulary/sh": {
      "version": "1.1.6",
      "resolved": "https://registry.npmjs.org/@vocabulary/sh/-/sh-1.1.6.tgz",
      "integrity": "sha512-8IfAQoKh57THz8LA2+n1jaY/VC2XaqMNSsJgzBKSSrj20y5PSMAawb6dMsxoLxqDIPBDs1TFRl/9CijUnwbBUA==",
      "license": "MIT",
      "peerDependencies": {
        "@rdfjs/types": "^2.0.0"
      }
    },
    "node_modules/@zazuko/prefixes": {
      "version": "2.6.1",
      "resolved": "https://registry.npmjs.org/@zazuko/prefixes/-/prefixes-2.6.1.tgz",
      "integrity": "sha512-fbOadP7twxt0ZYT9mgIC+xQMk6f3pYYLI5a/2UJ/mc/ygqb/NoVv2ryK3lTtoi74xwkdpUeDwIuFQSosowzUgg==",
      "license": "MIT"
    },
    "node_modules/abort-controller": {
      "version": "3.0.0",
      "resolved": "https://registry.npmjs.org/abort-controller/-/abort-controller-3.0.0.tgz",
      "integrity": "sha512-h8lQ8tacZYnR3vNQTgibj+tODHI5/+l06Au2Pcriv/Gmet0eaj4TwWH41sO9wnHDiQsEj19q0drzdWdeAHtweg==",
      "license": "MIT",
      "dependencies": {
        "event-target-shim": "^5.0.0"
      },
      "engines": {
        "node": ">=6.5"
      }
    },
    "node_modules/base64-js": {
      "version": "1.5.1",
      "resolved": "https://registry.npmjs.org/base64-js/-/base64-js-1.5.1.tgz",
      "integrity": "sha512-AKpaYlHn8t4SVbOHCy+b5+KKgvR4vrsD8vbvrbiQJps7fKDTkjkDry6ji0rUJjC0kzbNePLwzxq8iypo41qeWA==",
      "funding": [
        {
          "type": "github",
          "url": "https://github.com/sponsors/feross"
        },
        {
          "type": "patreon",
          "url": "https://www.patreon.com/feross"
        },
        {
          "type": "consulting",
          "url": "https://feross.org/support"
        }
      ],
      "license": "MIT"
    },
    "node_modules/buffer": {
      "version": "6.0.3",
      "resolved": "https://registry.npmjs.org/buffer/-/buffer-6.0.3.tgz",
      "integrity": "sha512-FTiCpNxtwiZZHEZbcbTIcZjERVICn9yq/pDFkTl95/AxzD1naBctN7YO68riM/gLSDY7sdrMby8hofADYuuqOA==",
      "funding": [
        {
          "type": "github",
          "url": "https://github.com/sponsors/feross"
        },
        {
          "type": "patreon",
          "url": "https://www.patreon.com/feross"
        },
        {
          "type": "consulting",
          "url": "https://feross.org/support"
        }
      ],
      "license": "MIT",
      "dependencies": {
        "base64-js": "^1.3.1",
        "ieee754": "^1.2.1"
      }
    },
    "node_modules/canonicalize": {
      "version": "1.0.8",
      "resolved": "https://registry.npmjs.org/canonicalize/-/canonicalize-1.0.8.tgz",
      "integrity": "sha512-0CNTVCLZggSh7bc5VkX5WWPWO+cyZbNd07IHIsSXLia/eAq+r836hgk+8BKoEh7949Mda87VUOitx5OddVj64A==",
      "license": "Apache-2.0"
    },
    "node_modules/clownface": {
      "version": "2.0.3",
      "resolved": "https://registry.npmjs.org/clownface/-/clownface-2.0.3.tgz",
      "integrity": "sha512-E76TBJ7CgU9+/5paSAvuNdMO+fzFThnvRVtidosktYppYkXM8V7tid8Ezzo8S1OmoWxKUam3yfkZlfCid4OiJQ==",
      "license": "MIT",
      "dependencies": {
        "@rdfjs/data-model": "^2.0.1",
        "@rdfjs/environment": "0 - 1",
        "@rdfjs/namespace": "^2.0.0"
      }
    },
    "node_modules/content-type": {
      "version": "1.0.5",
      "resolved": "https://registry.npmjs.org/content-type/-/content-type-1.0.5.tgz",
      "integrity": "sha512-nTjqfcBFEipKdXCv4YDQWCfmcLZKm81ldF0pAopTvyrFGVbcR6P/VAAd5G7N+0tTr8QqiU0tFadD6FK4NtJwOA==",
      "license": "MIT",
      "engines": {
        "node": ">= 0.6"
      }
    },
    "node_modules/debug": {
      "version": "4.4.3",
      "resolved": "https://registry.npmjs.org/debug/-/debug-4.4.3.tgz",
      "integrity": "sha512-RGwwWnwQvkVfavKVt22FGLw+xYSdzARwm0ru6DhTVA3umU5hZc28V3kO4stgYryrTlLpuvgI9GiijltAjNbcqA==",
      "license": "MIT",
      "dependencies": {
        "ms": "^2.1.3"
      },
      "engines": {
        "node": ">=6.0"
      },
      "peerDependenciesMeta": {
        "supports-color": {
          "optional": true
        }
      }
    },
    "node_modules/event-target-shim": {
      "version": "5.0.1",
      "resolved": "https://registry.npmjs.org/event-target-shim/-/event-target-shim-5.0.1.tgz",
      "integrity": "sha512-i/2XbnSz/uxRCU6+NdVJgKWDTM427+MqYbkQzD321DuCQJUqOuJKIA0IM2+W2xtYHdKOmZ4dR6fExsd4SXL+WQ==",
      "license": "MIT",
      "engines": {
        "node": ">=6"
      }
    },
    "node_modules/events": {
      "version": "3.3.0",
      "resolved": "https://registry.npmjs.org/events/-/events-3.3.0.tgz",
      "integrity": "sha512-mQw+2fkQbALzQ7V0MY0IqdnXNOeTtP4r0lN9z7AAawCXgqea7bDii20AYrIBrFd/Hx0M2Ocz6S111CaFkUcb0Q==",
      "license": "MIT",
      "engines": {
        "node": ">=0.8.x"
      }
    },
    "node_modules/http-link-header": {
      "version": "1.1.3",
      "resolved": "https://registry.npmjs.org/http-link-header/-/http-link-header-1.1.3.tgz",
      "integrity": "sha512-3cZ0SRL8fb9MUlU3mKM61FcQvPfXx2dBrZW3Vbg5CXa8jFlK8OaEpePenLe1oEXQduhz8b0QjsqfS59QP4AJDQ==",
      "license": "MIT",
      "engines": {
        "node": ">=6.0.0"
      }
    },
    "node_modules/ieee754": {
      "version": "1.2.1",
      "resolved": "https://registry.npmjs.org/ieee754/-/ieee754-1.2.1.tgz",
      "integrity": "sha512-dcyqhDvX1C46lXZcVqCpK+FtMRQVdIMN6/Df5js2zouUsqG7I6sFxitIC+7KYK29KdXOLHdu9zL4sFnoVQnqaA==",
      "funding": [
        {
          "type": "github",
          "url": "https://github.com/sponsors/feross"
        },
        {
          "type": "patreon",
          "url": "https://www.patreon.com/feross"
        },
        {
          "type": "consulting",
          "url": "https://feross.org/support"
        }
      ],
      "license": "BSD-3-Clause"
    },
    "node_modules/jose": {
      "version": "6.2.3",
      "resolved": "https://registry.npmjs.org/jose/-/jose-6.2.3.tgz",
      "integrity": "sha512-YYVDInQKFJfR/xa3ojUTl8c2KoTwiL1R5Wg9YCydwH0x0B9grbzlg5HC7mMjCtUJjbQ/YnGEZIhI5tCgfTb4Hw==",
      "license": "MIT",
      "funding": {
        "url": "https://github.com/sponsors/panva"
      }
    },
    "node_modules/jsonld-context-parser": {
      "version": "3.1.0",
      "resolved": "https://registry.npmjs.org/jsonld-context-parser/-/jsonld-context-parser-3.1.0.tgz",
      "integrity": "sha512-BfgNJ/t9jjK7Lun9XRCJM6YeNqDk8B6/lg+KS8rzhXAOtS0FvoClSmtLvF24V1M2CDYRy2LcEBt0ilxqSX93WA==",
      "license": "MIT",
      "dependencies": {
        "@types/http-link-header": "^1.0.1",
        "@types/node": "^18.0.0",
        "http-link-header": "^1.0.2",
        "relative-to-absolute-iri": "^1.0.5"
      },
      "bin": {
        "jsonld-context-parse": "bin/jsonld-context-parse.js"
      },
      "funding": {
        "type": "individual",
        "url": "https://github.com/sponsors/rubensworks/"
      }
    },
    "node_modules/jsonld-context-parser/node_modules/@types/node": {
      "version": "18.19.130",
      "resolved": "https://registry.npmjs.org/@types/node/-/node-18.19.130.tgz",
      "integrity": "sha512-GRaXQx6jGfL8sKfaIDD6OupbIHBr9jv7Jnaml9tB7l4v068PAOXqfcujMMo5PhbIs6ggR1XODELqahT2R8v0fg==",
      "license": "MIT",
      "dependencies": {
        "undici-types": "~5.26.4"
      }
    },
    "node_modules/jsonld-context-parser/node_modules/undici-types": {
      "version": "5.26.5",
      "resolved": "https://registry.npmjs.org/undici-types/-/undici-types-5.26.5.tgz",
      "integrity": "sha512-JlCMO+ehdEIKqlFxk6IfVoAUVmgz7cU7zD/h9XZ0qzeosSHmUJVOzSQvvYSYWXkFXC+IfLKSIffhv0sVZup6pA==",
      "license": "MIT"
    },
    "node_modules/jsonld-streaming-parser": {
      "version": "5.0.1",
      "resolved": "https://registry.npmjs.org/jsonld-streaming-parser/-/jsonld-streaming-parser-5.0.1.tgz",
      "integrity": "sha512-Rf230DRAWe5p1H4e7phk1vo4FHEMOmC5xVcIywKJBBcwy6zaJWFcAvPcwngufNTdJs7dpTMbKQDjp4TYDpMKUQ==",
      "license": "MIT",
      "dependencies": {
        "@bergos/jsonparse": "^1.4.0",
        "@types/http-link-header": "^1.0.1",
        "@types/readable-stream": "^4.0.0",
        "buffer": "^6.0.3",
        "canonicalize": "^1.0.1",
        "http-link-header": "^1.0.2",
        "jsonld-context-parser": "^3.1.0",
        "rdf-data-factory": "^2.0.0",
        "readable-stream": "^4.0.0"
      },
      "funding": {
        "type": "individual",
        "url": "https://github.com/sponsors/rubensworks/"
      }
    },
    "node_modules/ms": {
      "version": "2.1.3",
      "resolved": "https://registry.npmjs.org/ms/-/ms-2.1.3.tgz",
      "integrity": "sha512-6FlzubTLZG3J2a/NVCAleEhjzq5oxgHyaCU9yYXvcLsvoVaHJq/s5xXI6/XXP6tz7R9xAOtHnSO/tXtF3WRTlA==",
      "license": "MIT"
    },
    "node_modules/multiformats": {
      "version": "14.0.4",
      "resolved": "https://registry.npmjs.org/multiformats/-/multiformats-14.0.4.tgz",
      "integrity": "sha512-+SXItmOUWzT0kjlIfkZ4NawJaC9jW/mPlyn902V9Qgpc7YDwdEiwqbiZxTyvC0XWh1jZguXca3A/WQ+UOPRLUA==",
      "license": "Apache-2.0 OR MIT"
    },
    "node_modules/n3": {
      "version": "2.1.1",
      "resolved": "https://registry.npmjs.org/n3/-/n3-2.1.1.tgz",
      "integrity": "sha512-kqg8ers6Lc+uAmHeS+ycd3b8mC4x8wr8V8Fi6+w7l4hX6b0KZ5bT05Tf49qM2mujwaqZT3+08zcgtXgfxivbVQ==",
      "license": "MIT",
      "dependencies": {
        "buffer": "^6.0.3",
        "readable-stream": "^4.0.0"
      },
      "engines": {
        "node": ">=12.0"
      }
    },
    "node_modules/process": {
      "version": "0.11.10",
      "resolved": "https://registry.npmjs.org/process/-/process-0.11.10.tgz",
      "integrity": "sha512-cdGef/drWFoydD1JsMzuFf8100nZl+GT+yacc2bEced5f9Rjk4z+WtFUTBu9PhOi9j/jfmBPu0mMEY4wIdAF8A==",
      "license": "MIT",
      "engines": {
        "node": ">= 0.6.0"
      }
    },
    "node_modules/rdf-canonize": {
      "version": "5.0.0",
      "resolved": "https://registry.npmjs.org/rdf-canonize/-/rdf-canonize-5.0.0.tgz",
      "integrity": "sha512-g8OUrgMXAR9ys/ZuJVfBr05sPPoMA7nHIVs8VEvg9QwM5W4GR2qSFEEHjsyHF1eWlBaf8Ev40WNjQFQ+nJTO3w==",
      "license": "BSD-3-Clause",
      "dependencies": {
        "setimmediate": "^1.0.5"
      },
      "engines": {
        "node": ">=18"
      }
    },
    "node_modules/rdf-data-factory": {
      "version": "2.0.2",
      "resolved": "https://registry.npmjs.org/rdf-data-factory/-/rdf-data-factory-2.0.2.tgz",
      "integrity": "sha512-WzPoYHwQYWvIP9k+7IBLY1b4nIDitzAK4mA37WumAF/Cjvu/KOtYJH9IPZnUTWNSd5K2+pq4vrcE9WZC4sRHhg==",
      "license": "MIT",
      "dependencies": {
        "@rdfjs/types": "^2.0.0"
      },
      "funding": {
        "type": "individual",
        "url": "https://github.com/sponsors/rubensworks/"
      }
    },
    "node_modules/rdf-dataset-ext": {
      "version": "1.1.0",
      "resolved": "https://registry.npmjs.org/rdf-dataset-ext/-/rdf-dataset-ext-1.1.0.tgz",
      "integrity": "sha512-CH85RfRKN9aSlbju8T7aM8hgCSWMBsh2eh/tGxUUtWMN+waxi6iFDt8/r4PAEmKaEA82guimZJ4ISbmJ2rvWQg==",
      "deprecated": "rdf-dataset-ext is deprecated. Switching to rdf-ext is recommended.",
      "license": "MIT",
      "dependencies": {
        "rdf-canonize": "^3.0.0",
        "readable-stream": "3 - 4"
      }
    },
    "node_modules/rdf-dataset-ext/node_modules/rdf-canonize": {
      "version": "3.4.0",
      "resolved": "https://registry.npmjs.org/rdf-canonize/-/rdf-canonize-3.4.0.tgz",
      "integrity": "sha512-fUeWjrkOO0t1rg7B2fdyDTvngj+9RlUyL92vOdiB7c0FPguWVsniIMjEtHH+meLBO9rzkUlUzBVXgWrjI8P9LA==",
      "license": "BSD-3-Clause",
      "dependencies": {
        "setimmediate": "^1.0.5"
      },
      "engines": {
        "node": ">=12"
      }
    },
    "node_modules/rdf-literal": {
      "version": "2.0.0",
      "resolved": "https://registry.npmjs.org/rdf-literal/-/rdf-literal-2.0.0.tgz",
      "integrity": "sha512-jlQ+h7EvnXmncmk8OzOYR8T3gNfd4g0LQXbflHkEkancic8dh0Tdt5RiRq8vUFndjIeNHt1RWeA5TAj6rgrtng==",
      "license": "MIT",
      "dependencies": {
        "rdf-data-factory": "^2.0.0"
      },
      "funding": {
        "type": "individual",
        "url": "https://github.com/sponsors/rubensworks/"
      }
    },
    "node_modules/rdf-validate-datatype": {
      "version": "0.2.2",
      "resolved": "https://registry.npmjs.org/rdf-validate-datatype/-/rdf-validate-datatype-0.2.2.tgz",
      "integrity": "sha512-mH9qL8i0WBbZ6HJCA26BB6V+WV2MraKvitez3SV0QegBWVQ4wYO49CgfFBzoAYg6tlnhFXl9MkrOAQ07X2N1FA==",
      "license": "MIT",
      "dependencies": {
        "@rdfjs/term-map": "^2.0.0",
        "@tpluscode/rdf-ns-builders": "3 - 5"
      }
    },
    "node_modules/rdf-validate-shacl": {
      "version": "0.6.5",
      "resolved": "https://registry.npmjs.org/rdf-validate-shacl/-/rdf-validate-shacl-0.6.5.tgz",
      "integrity": "sha512-rwIibopSixDE8ecA9x0c7oTVxdMWxGiJh7h3uJ+WS2h4lq2nx3DZVO7rJvwa5kZpDq9QEFPoyZINAUyfaaoN4Q==",
      "license": "MIT",
      "dependencies": {
        "@rdfjs/data-model": "^2.1.0",
        "@rdfjs/dataset": "^2.0.2",
        "@rdfjs/environment": "^1.0.0",
        "@rdfjs/namespace": "^2.0.1",
        "@rdfjs/term-set": "^2.0.3",
        "@rdfjs/types": "1 - 2",
        "@vocabulary/sh": "^1.1.6",
        "clownface": "^2.0.3",
        "debug": "^4.3.2",
        "rdf-dataset-ext": "^1.1.0",
        "rdf-literal": "^2.0.0",
        "rdf-validate-datatype": "^0.2.2"
      }
    },
    "node_modules/readable-stream": {
      "version": "4.7.0",
      "resolved": "https://registry.npmjs.org/readable-stream/-/readable-stream-4.7.0.tgz",
      "integrity": "sha512-oIGGmcpTLwPga8Bn6/Z75SVaH1z5dUut2ibSyAMVhmUggWpmDn2dapB0n7f8nwaSiRtepAsfJyfXIO5DCVAODg==",
      "license": "MIT",
      "dependencies": {
        "abort-controller": "^3.0.0",
        "buffer": "^6.0.3",
        "events": "^3.3.0",
        "process": "^0.11.10",
        "string_decoder": "^1.3.0"
      },
      "engines": {
        "node": "^12.22.0 || ^14.17.0 || >=16.0.0"
      }
    },
    "node_modules/relative-to-absolute-iri": {
      "version": "1.0.8",
      "resolved": "https://registry.npmjs.org/relative-to-absolute-iri/-/relative-to-absolute-iri-1.0.8.tgz",
      "integrity": "sha512-U1TmhrhCmXKkDL9mI8gBbF5TN6TKcuv28k5+H3gMCAjoz0TyyHAICHlaGDZsTEBSu2Y3HhDKc8e6X9n33qeIqA==",
      "license": "MIT",
      "funding": {
        "type": "individual",
        "url": "https://github.com/sponsors/rubensworks/"
      }
    },
    "node_modules/safe-buffer": {
      "version": "5.2.1",
      "resolved": "https://registry.npmjs.org/safe-buffer/-/safe-buffer-5.2.1.tgz",
      "integrity": "sha512-rp3So07KcdmmKbGvgaNxQSJr7bGVSVk5S9Eq1F+ppbRo70+YeaDxkw5Dd8NPN+GD6bjnYm2VuPuCXmpuYvmCXQ==",
      "funding": [
        {
          "type": "github",
          "url": "https://github.com/sponsors/feross"
        },
        {
          "type": "patreon",
          "url": "https://www.patreon.com/feross"
        },
        {
          "type": "consulting",
          "url": "https://feross.org/support"
        }
      ],
      "license": "MIT"
    },
    "node_modules/setimmediate": {
      "version": "1.0.5",
      "resolved": "https://registry.npmjs.org/setimmediate/-/setimmediate-1.0.5.tgz",
      "integrity": "sha512-MATJdZp8sLqDl/68LfQmbP8zKPLQNV6BIZoIgrscFDQ+RsvK/BxeDQOgyxKKoh0y/8h3BqVFnCqQ/gd+reiIXA==",
      "license": "MIT"
    },
    "node_modules/string_decoder": {
      "version": "1.3.0",
      "resolved": "https://registry.npmjs.org/string_decoder/-/string_decoder-1.3.0.tgz",
      "integrity": "sha512-hkRX8U1WjJFd8LsDJ2yQ/wWWxaopEsABU1XfkM8A+j0+85JAGppt16cr1Whg6KIbb4okU6Mql6BOj+uup/wKeA==",
      "license": "MIT",
      "dependencies": {
        "safe-buffer": "~5.2.0"
      }
    },
    "node_modules/undici-types": {
      "version": "8.3.0",
      "resolved": "https://registry.npmjs.org/undici-types/-/undici-types-8.3.0.tgz",
      "integrity": "sha512-j375ScV60dom+YkPFIfTLcOiPxkN/buHz5GobjLhixFuANaNs3C9l4GmrWqejgXWJ7BbJcFYpTEUkS1Ge8bpZQ==",
      "license": "MIT"
    }
  }
}
